// !$*UTF8*$!
{
	archiveVersion = 1;
	classes = {
	};
	objectVersion = 56;
	objects = {

/* Begin PBXBuildFile section */
		02789AD32F5DE4FF00298429 /* README.md in Resources */ = {isa = PBXBuildFile; fileRef = 02789AD22F5DE4FF00298429 /* README.md */; };
		0A0000000000000000000001 /* Assets.xcassets in Resources */ = {isa = PBXBuildFile; fileRef = 0A0000000000000000000002 /* Assets.xcassets */; };
		02789AD72F5DE50300298429 /* Configuration.swift in Sources */ = {isa = PBXBuildFile; fileRef = 02789AD42F5DE50000298429 /* Configuration.swift */; };
		02789AD82F5DE50400298429 /* Simulation.swift in Sources */ = {isa = PBXBuildFile; fileRef = 02789AD52F5DE50100298429 /* Simulation.swift */; };
		02789AD92F5DE50500298429 /* Renderer.swift in Sources */ = {isa = PBXBuildFile; fileRef = 02789AD62F5DE50200298429 /* Renderer.swift */; };
		1A1111111111111111111111 /* MystifyView.swift in Sources */ = {isa = PBXBuildFile; fileRef = 1B1111111111111111111112 /* MystifyView.swift */; };
		1A1111111111111111111112 /* Cocoa.framework in Frameworks */ = {isa = PBXBuildFile; fileRef = 1B1111111111111111111114 /* Cocoa.framework */; };
		1A1111111111111111111113 /* ScreenSaver.framework in Frameworks */ = {isa = PBXBuildFile; fileRef = 1B1111111111111111111115 /* ScreenSaver.framework */; };
/* End PBXBuildFile section */

/* Begin PBXFileReference section */
		02789AD22F5DE4FF00298429 /* README.md */ = {isa = PBXFileReference; lastKnownFileType = net.daringfireball.markdown; path = README.md; sourceTree = "<group>"; };
		0A0000000000000000000002 /* Assets.xcassets */ = {isa = PBXFileReference; lastKnownFileType = folder.assetcatalog; path = Assets.xcassets; sourceTree = "<group>"; };
		02789AD42F5DE50000298429 /* Configuration.swift */ = {isa = PBXFileReference; lastKnownFileType = sourcecode.swift; path = Configuration.swift; sourceTree = "<group>"; };
		02789AD52F5DE50100298429 /* Simulation.swift */ = {isa = PBXFileReference; lastKnownFileType = sourcecode.swift; path = Simulation.swift; sourceTree = "<group>"; };
		02789AD62F5DE50200298429 /* Renderer.swift */ = {isa = PBXFileReference; lastKnownFileType = sourcecode.swift; path = Renderer.swift; sourceTree = "<group>"; };
		1B1111111111111111111111 /* Mystify.saver */ = {isa = PBXFileReference; explicitFileType = wrapper.cfbundle; includeInIndex = 0; path = Mystify.saver; sourceTree = BUILT_PRODUCTS_DIR; };
		1B1111111111111111111112 /* MystifyView.swift */ = {isa = PBXFileReference; lastKnownFileType = sourcecode.swift; path = MystifyView.swift; sourceTree = "<group>"; };
		1B1111111111111111111113 /* Info.plist */ = {isa = PBXFileReference; lastKnownFileType = text.plist.xml; path = Info.plist; sourceTree = "<group>"; };
		1B1111111111111111111114 /* Cocoa.framework */ = {isa = PBXFileReference; lastKnownFileType = wrapper.framework; name = Cocoa.framework; path = System/Library/Frameworks/Cocoa.framework; sourceTree = SDKROOT; };
		1B1111111111111111111115 /* ScreenSaver.framework */ = {isa = PBXFileReference; lastKnownFileType = wrapper.framework; name = ScreenSaver.framework; path = System/Library/Frameworks/ScreenSaver.framework; sourceTree = SDKROOT; };
/* End PBXFileReference section */

/* Begin PBXFrameworksBuildPhase section */
		1E1111111111111111111112 /* Frameworks */ = {
			isa = PBXFrameworksBuildPhase;
			buildActionMask = 2147483647;
			files = (
				1A1111111111111111111112 /* Cocoa.framework in Frameworks */,
				1A1111111111111111111113 /* ScreenSaver.framework in Frameworks */,
			);
			runOnlyForDeploymentPostprocessing = 0;
		};
/* End PBXFrameworksBuildPhase section */

/* Begin PBXGroup section */
		1C1111111111111111111111 = {
			isa = PBXGroup;
			children = (
				1C1111111111111111111112 /* Mystify */,
				1C1111111111111111111113 /* Frameworks */,
				1C1111111111111111111114 /* Products */,
				02789AD22F5DE4FF00298429 /* README.md */,
			);
			sourceTree = "<group>";
		};
		1C1111111111111111111112 /* Mystify */ = {
			isa = PBXGroup;
			children = (
				02789AD42F5DE50000298429 /* Configuration.swift */,
				02789AD52F5DE50100298429 /* Simulation.swift */,
				02789AD62F5DE50200298429 /* Renderer.swift */,
				1B1111111111111111111112 /* MystifyView.swift */,
				1B1111111111111111111113 /* Info.plist */,
				0A0000000000000000000002 /* Assets.xcassets */,
			);
			path = Mystify;
			sourceTree = "<group>";
		};
		1C1111111111111111111113 /* Frameworks */ = {
			isa = PBXGroup;
			children = (
				1B1111111111111111111114 /* Cocoa.framework */,
				1B1111111111111111111115 /* ScreenSaver.framework */,
			);
			name = Frameworks;
			sourceTree = "<group>";
		};
		1C1111111111111111111114 /* Products */ = {
			isa = PBXGroup;
			children = (
				1B1111111111111111111111 /* Mystify.saver */,
			);
			name = Products;
			sourceTree = "<group>";
		};
/* End PBXGroup section */

/* Begin PBXNativeTarget section */
		1D1111111111111111111111 /* Mystify */ = {
			isa = PBXNativeTarget;
			buildConfigurationList = 203111111111111111111111 /* Build configuration list for PBXNativeTarget "Mystify" */;
			buildPhases = (
				1E1111111111111111111111 /* Sources */,
				1E1111111111111111111112 /* Frameworks */,
				1E1111111111111111111113 /* Resources */,
			);
			buildRules = (
			);
			dependencies = (
			);
			name = Mystify;
			productName = Mystify;
			productReference = 1B1111111111111111111111 /* Mystify.saver */;
			productType = "com.apple.product-type.bundle";
		};
/* End PBXNativeTarget section */

/* Begin PBXProject section */
		1F1111111111111111111111 /* Project object */ = {
			isa = PBXProject;
			attributes = {
				BuildIndependentTargetsInParallel = 1;
				LastSwiftUpdateCheck = 1600;
				LastUpgradeCheck = 2620;
				TargetAttributes = {
					1D1111111111111111111111 = {
						CreatedOnToolsVersion = 16.0;
					};
				};
			};
			buildConfigurationList = 203111111111111111111112 /* Build configuration list for PBXProject "Mystify" */;
			compatibilityVersion = "Xcode 14.0";
			developmentRegion = en;
			hasScannedForEncodings = 0;
			knownRegions = (
				en,
				Base,
			);
			mainGroup = 1C1111111111111111111111;
			productRefGroup = 1C1111111111111111111114 /* Products */;
			projectDirPath = "";
			projectRoot = "";
			targets = (
				1D1111111111111111111111 /* Mystify */,
			);
		};
/* End PBXProject section */

/* Begin PBXResourcesBuildPhase section */
		1E1111111111111111111113 /* Resources */ = {
			isa = PBXResourcesBuildPhase;
			buildActionMask = 2147483647;
			files = (
				02789AD32F5DE4FF00298429 /* README.md in Resources */,
				0A0000000000000000000001 /* Assets.xcassets in Resources */,
			);
			runOnlyForDeploymentPostprocessing = 0;
		};
/* End PBXResourcesBuildPhase section */

/* Begin PBXSourcesBuildPhase section */
		1E1111111111111111111111 /* Sources */ = {
			isa = PBXSourcesBuildPhase;
			buildActionMask = 2147483647;
			files = (
				02789AD72F5DE50300298429 /* Configuration.swift in Sources */,
				02789AD82F5DE50400298429 /* Simulation.swift in Sources */,
				02789AD92F5DE50500298429 /* Renderer.swift in Sources */,
				1A1111111111111111111111 /* MystifyView.swift in Sources */,
			);
			runOnlyForDeploymentPostprocessing = 0;
		};
/* End PBXSourcesBuildPhase section */

/* Begin XCBuildConfiguration section */
		201111111111111111111111 /* Debug */ = {
			isa = XCBuildConfiguration;
			buildSettings = {
				CLANG_ENABLE_OBJC_WEAK = YES;
				CODE_SIGNING_ALLOWED = NO;
				CODE_SIGNING_REQUIRED = NO;
				CURRENT_PROJECT_VERSION = 1;
				DEAD_CODE_STRIPPING = YES;
				GENERATE_INFOPLIST_FILE = NO;
				INFOPLIST_FILE = Mystify/Info.plist;
				LD_RUNPATH_SEARCH_PATHS = (
					"$(inherited)",
					"@loader_path/../Frameworks",
				);
				MACH_O_TYPE = mh_bundle;
				MACOSX_DEPLOYMENT_TARGET = 11.0;
				MARKETING_VERSION = 1.0;
				PRODUCT_BUNDLE_IDENTIFIER = ch.sasystems.mystify;
				PRODUCT_NAME = "$(TARGET_NAME)";
				SDKROOT = macosx;
				SKIP_INSTALL = YES;
				SWIFT_VERSION = 5.0;
				WRAPPER_EXTENSION = saver;
			};
			name = Debug;
		};
		201111111111111111111112 /* Release */ = {
			isa = XCBuildConfiguration;
			buildSettings = {
				CLANG_ENABLE_OBJC_WEAK = YES;
				CODE_SIGNING_ALLOWED = NO;
				CODE_SIGNING_REQUIRED = NO;
				CURRENT_PROJECT_VERSION = 1;
				DEAD_CODE_STRIPPING = YES;
				GENERATE_INFOPLIST_FILE = NO;
				INFOPLIST_FILE = Mystify/Info.plist;
				LD_RUNPATH_SEARCH_PATHS = (
					"$(inherited)",
					"@loader_path/../Frameworks",
				);
				MACH_O_TYPE = mh_bundle;
				MACOSX_DEPLOYMENT_TARGET = 11.0;
				MARKETING_VERSION = 1.0;
				PRODUCT_BUNDLE_IDENTIFIER = ch.sasystems.mystify;
				PRODUCT_NAME = "$(TARGET_NAME)";
				SDKROOT = macosx;
				SKIP_INSTALL = YES;
				SWIFT_COMPILATION_MODE = wholemodule;
				SWIFT_OPTIMIZATION_LEVEL = "-O";
				SWIFT_VERSION = 5.0;
				WRAPPER_EXTENSION = saver;
			};
			name = Release;
		};
		202111111111111111111111 /* Debug */ = {
			isa = XCBuildConfiguration;
			buildSettings = {
				CLANG_ENABLE_MODULES = YES;
				CLANG_WARN_BLOCK_CAPTURE_AUTORELEASING = YES;
				CLANG_WARN_BOOL_CONVERSION = YES;
				CLANG_WARN_COMMA = YES;
				CLANG_WARN_CONSTANT_CONVERSION = YES;
				CLANG_WARN_DEPRECATED_OBJC_IMPLEMENTATIONS = YES;
				CLANG_WARN_EMPTY_BODY = YES;
				CLANG_WARN_ENUM_CONVERSION = YES;
				CLANG_WARN_INFINITE_RECURSION = YES;
				CLANG_WARN_INT_CONVERSION = YES;
				CLANG_WARN_NON_LITERAL_NULL_CONVERSION = YES;
				CLANG_WARN_OBJC_IMPLICIT_RETAIN_SELF = YES;
				CLANG_WARN_OBJC_LITERAL_CONVERSION = YES;
				CLANG_WARN_QUOTED_INCLUDE_IN_FRAMEWORK_HEADER = YES;
				CLANG_WARN_RANGE_LOOP_ANALYSIS = YES;
				CLANG_WARN_STRICT_PROTOTYPES = YES;
				CLANG_WARN_SUSPICIOUS_MOVE = YES;
				CLANG_WARN_UNREACHABLE_CODE = YES;
				CLANG_WARN__DUPLICATE_METHOD_MATCH = YES;
				DEAD_CODE_STRIPPING = YES;
				ENABLE_STRICT_OBJC_MSGSEND = YES;
				ENABLE_TESTABILITY = YES;
				ENABLE_USER_SCRIPT_SANDBOXING = YES;
				GCC_C_LANGUAGE_STANDARD = gnu17;
				GCC_NO_COMMON_BLOCKS = YES;
				GCC_WARN_64_TO_32_BIT_CONVERSION = YES;
				GCC_WARN_ABOUT_RETURN_TYPE = YES;
				GCC_WARN_UNDECLARED_SELECTOR = YES;
				GCC_WARN_UNINITIALIZED_AUTOS = YES;
				GCC_WARN_UNUSED_FUNCTION = YES;
				GCC_WARN_UNUSED_VARIABLE = YES;
				MACOSX_DEPLOYMENT_TARGET = 11.0;
				ONLY_ACTIVE_ARCH = YES;
				SDKROOT = macosx;
				STRING_CATALOG_GENERATE_SYMBOLS = YES;
				SWIFT_VERSION = 5.0;
			};
			name = Debug;
		};
		202111111111111111111112 /* Release */ = {
			isa = XCBuildConfiguration;
			buildSettings = {
				CLANG_ENABLE_MODULES = YES;
				CLANG_WARN_BLOCK_CAPTURE_AUTORELEASING = YES;
				CLANG_WARN_BOOL_CONVERSION = YES;
				CLANG_WARN_COMMA = YES;
				CLANG_WARN_CONSTANT_CONVERSION = YES;
				CLANG_WARN_DEPRECATED_OBJC_IMPLEMENTATIONS = YES;
				CLANG_WARN_EMPTY_BODY = YES;
				CLANG_WARN_ENUM_CONVERSION = YES;
				CLANG_WARN_INFINITE_RECURSION = YES;
				CLANG_WARN_INT_CONVERSION = YES;
				CLANG_WARN_NON_LITERAL_NULL_CONVERSION = YES;
				CLANG_WARN_OBJC_IMPLICIT_RETAIN_SELF = YES;
				CLANG_WARN_OBJC_LITERAL_CONVERSION = YES;
				CLANG_WARN_QUOTED_INCLUDE_IN_FRAMEWORK_HEADER = YES;
				CLANG_WARN_RANGE_LOOP_ANALYSIS = YES;
				CLANG_WARN_STRICT_PROTOTYPES = YES;
				CLANG_WARN_SUSPICIOUS_MOVE = YES;
				CLANG_WARN_UNREACHABLE_CODE = YES;
				CLANG_WARN__DUPLICATE_METHOD_MATCH = YES;
				DEAD_CODE_STRIPPING = YES;
				ENABLE_STRICT_OBJC_MSGSEND = YES;
				ENABLE_USER_SCRIPT_SANDBOXING = YES;
				GCC_C_LANGUAGE_STANDARD = gnu17;
				GCC_NO_COMMON_BLOCKS = YES;
				GCC_WARN_64_TO_32_BIT_CONVERSION = YES;
				GCC_WARN_ABOUT_RETURN_TYPE = YES;
				GCC_WARN_UNDECLARED_SELECTOR = YES;
				GCC_WARN_UNINITIALIZED_AUTOS = YES;
				GCC_WARN_UNUSED_FUNCTION = YES;
				GCC_WARN_UNUSED_VARIABLE = YES;
				MACOSX_DEPLOYMENT_TARGET = 11.0;
				SDKROOT = macosx;
				STRING_CATALOG_GENERATE_SYMBOLS = YES;
				SWIFT_VERSION = 5.0;
			};
			name = Release;
		};
/* End XCBuildConfiguration section */

/* Begin XCConfigurationList section */
		203111111111111111111111 /* Build configuration list for PBXNativeTarget "Mystify" */ = {
			isa = XCConfigurationList;
			buildConfigurations = (
				201111111111111111111111 /* Debug */,
				201111111111111111111112 /* Release */,
			);
			defaultConfigurationIsVisible = 0;
			defaultConfigurationName = Release;
		};
		203111111111111111111112 /* Build configuration list for PBXProject "Mystify" */ = {
			isa = XCConfigurationList;
			buildConfigurations = (
				202111111111111111111111 /* Debug */,
				202111111111111111111112 /* Release */,
			);
			defaultConfigurationIsVisible = 0;
			defaultConfigurationName = Release;
		};
/* End XCConfigurationList section */
	};
	rootObject = 1F1111111111111111111111 /* Project object */;
}
